
Microsoft Visual Studio Solution File, Format Version 12.00
# Visual Studio 14
VisualStudioVersion = 14.0.25420.1
MinimumVisualStudioVersion = 10.0.40219.1
Project("{2150E333-8FDC-42A3-9474-1A3956D46DE8}") = "_", "_", "{62D5B4FD-42EE-4D7B-BB76-D2A3C05E8E87}"
	ProjectSection(SolutionItems) = preProject
		.gitattributes = .gitattributes
		.gitignore = .gitignore
		LICENSE = LICENSE
		README.md = README.md
	EndProjectSection
EndProject
Project("{2150E333-8FDC-42A3-9474-1A3956D46DE8}") = "core-apps", "core-apps", "{69C95749-A2C3-45E5-9577-88DA9269BBEF}"
	ProjectSection(SolutionItems) = preProject
		core-apps\draft-hartke-core-apps-00.xml = core-apps\draft-hartke-core-apps-00.xml
		core-apps\draft-hartke-core-apps-01.xml = core-apps\draft-hartke-core-apps-01.xml
		core-apps\draft-hartke-core-apps-02.xml = core-apps\draft-hartke-core-apps-02.xml
		core-apps\draft-hartke-core-apps-03.xml = core-apps\draft-hartke-core-apps-03.xml
		core-apps\draft-hartke-core-apps-04.xml = core-apps\draft-hartke-core-apps-04.xml
		core-apps\draft-hartke-core-apps-05.xml = core-apps\draft-hartke-core-apps-05.xml
		core-apps\draft-hartke-core-apps-latest.xml = core-apps\draft-hartke-core-apps-latest.xml
	EndProjectSection
EndProject
Project("{2150E333-8FDC-42A3-9474-1A3956D46DE8}") = "t2trg-coral", "t2trg-coral", "{D7344E3B-5635-49D1-AC05-E9A5CAD556C4}"
	ProjectSection(SolutionItems) = preProject
		t2trg-coral\coral.cddl = t2trg-coral\coral.cddl
		t2trg-coral\draft-hartke-t2trg-coral-00.xml = t2trg-coral\draft-hartke-t2trg-coral-00.xml
		t2trg-coral\draft-hartke-t2trg-coral-01.xml = t2trg-coral\draft-hartke-t2trg-coral-01.xml
		t2trg-coral\draft-hartke-t2trg-coral-latest.xml = t2trg-coral\draft-hartke-t2trg-coral-latest.xml
	EndProjectSection
EndProject
Project("{2150E333-8FDC-42A3-9474-1A3956D46DE8}") = "t2trg-cbor-forms", "t2trg-cbor-forms", "{BF9BF3B6-0EE1-4EA0-87CE-9BEF15EC27FB}"
	ProjectSection(SolutionItems) = preProject
		t2trg-cbor-forms\draft-hartke-t2trg-cbor-forms-00.xml = t2trg-cbor-forms\draft-hartke-t2trg-cbor-forms-00.xml
		t2trg-cbor-forms\draft-hartke-t2trg-cbor-forms-latest.xml = t2trg-cbor-forms\draft-hartke-t2trg-cbor-forms-latest.xml
		t2trg-cbor-forms\form-body.cddl = t2trg-cbor-forms\form-body.cddl
		t2trg-cbor-forms\form-data.cddl = t2trg-cbor-forms\form-data.cddl
	EndProjectSection
EndProject
Project("{2150E333-8FDC-42A3-9474-1A3956D46DE8}") = "t2trg-data-hub", "t2trg-data-hub", "{5FD74719-7D09-4C8D-913F-2FA0E7DD2759}"
	ProjectSection(SolutionItems) = preProject
		t2trg-data-hub\draft-hartke-t2trg-bulletin-board-00.xml = t2trg-data-hub\draft-hartke-t2trg-bulletin-board-00.xml
		t2trg-data-hub\draft-hartke-t2trg-bulletin-board-01.xml = t2trg-data-hub\draft-hartke-t2trg-bulletin-board-01.xml
		t2trg-data-hub\draft-hartke-t2trg-data-hub-00.xml = t2trg-data-hub\draft-hartke-t2trg-data-hub-00.xml
		t2trg-data-hub\draft-hartke-t2trg-data-hub-latest.xml = t2trg-data-hub\draft-hartke-t2trg-data-hub-latest.xml
	EndProjectSection
EndProject
Project("{2150E333-8FDC-42A3-9474-1A3956D46DE8}") = "core-e2e-security-reqs", "core-e2e-security-reqs", "{629040E5-8077-442C-B0EC-E3E8612A502C}"
	ProjectSection(SolutionItems) = preProject
		core-e2e-security-reqs\README.md = core-e2e-security-reqs\README.md
	EndProjectSection
EndProject
Project("{2150E333-8FDC-42A3-9474-1A3956D46DE8}") = "core-lighting", "core-lighting", "{CEE1C19F-0942-4A0C-8FEC-8B313496B74F}"
	ProjectSection(SolutionItems) = preProject
		core-lighting\draft-hartke-core-lighting-00.xml = core-lighting\draft-hartke-core-lighting-00.xml
	EndProjectSection
EndProject
Global
	GlobalSection(SolutionProperties) = preSolution
		HideSolutionNode = FALSE
	EndGlobalSection
EndGlobal
