
Microsoft Visual Studio Solution File, Format Version 12.00
# Visual Studio 14
VisualStudioVersion = 14.0.25420.1
MinimumVisualStudioVersion = 10.0.40219.1
Project("{2150E333-8FDC-42A3-9474-1A3956D46DE8}") = "_", "_", "{62D5B4FD-42EE-4D7B-BB76-D2A3C05E8E87}"
	ProjectSection(SolutionItems) = preProject
		.gitattributes = .gitattributes
		.gitignore = .gitignore
		LICENSE = LICENSE
		README.md = README.md
	EndProjectSection
EndProject
Project("{2150E333-8FDC-42A3-9474-1A3956D46DE8}") = "core-apps", "core-apps", "{69C95749-A2C3-45E5-9577-88DA9269BBEF}"
	ProjectSection(SolutionItems) = preProject
		core-apps\draft-hartke-core-apps-00.xml = core-apps\draft-hartke-core-apps-00.xml
		core-apps\draft-hartke-core-apps-01.xml = core-apps\draft-hartke-core-apps-01.xml
		core-apps\draft-hartke-core-apps-02.xml = core-apps\draft-hartke-core-apps-02.xml
		core-apps\draft-hartke-core-apps-03.xml = core-apps\draft-hartke-core-apps-03.xml
		core-apps\draft-hartke-core-apps-latest.xml = core-apps\draft-hartke-core-apps-latest.xml
	EndProjectSection
EndProject
Project("{2150E333-8FDC-42A3-9474-1A3956D46DE8}") = "t2trg-bulletin-board", "t2trg-bulletin-board", "{2E030392-03F1-4B33-9FBF-415D676189F7}"
	ProjectSection(SolutionItems) = preProject
		t2trg-bulletin-board\draft-hartke-t2trg-bulletin-board-latest.xml = t2trg-bulletin-board\draft-hartke-t2trg-bulletin-board-latest.xml
	EndProjectSection
EndProject
Project("{2150E333-8FDC-42A3-9474-1A3956D46DE8}") = "t2trg-coral", "t2trg-coral", "{D7344E3B-5635-49D1-AC05-E9A5CAD556C4}"
	ProjectSection(SolutionItems) = preProject
		t2trg-coral\coral.cddl = t2trg-coral\coral.cddl
		t2trg-coral\draft-hartke-t2trg-coral-00.xml = t2trg-coral\draft-hartke-t2trg-coral-00.xml
		t2trg-coral\draft-hartke-t2trg-coral-latest.xml = t2trg-coral\draft-hartke-t2trg-coral-latest.xml
	EndProjectSection
EndProject
Global
	GlobalSection(SolutionProperties) = preSolution
		HideSolutionNode = FALSE
	EndGlobalSection
EndGlobal
